// !$*UTF8*$!
{
	archiveVersion = 1;
	classes = {
	};
	objectVersion = 48;
	objects = {

/* Begin PBXBuildFile section */
		1FD230B41F723921EA3528C9 /* Pods_Images.framework in Frameworks */ = {isa = PBXBuildFile; fileRef = 1FB4E4296920BD7AF5821D8C /* Pods_Images.framework */; };
		7915DF1B21786BC70094002B /* Extension.swift in Sources */ = {isa = PBXBuildFile; fileRef = 7915DF1A21786BC70094002B /* Extension.swift */; };
		792348D521429A87007903E1 /* ImageDetailViewController.swift in Sources */ = {isa = PBXBuildFile; fileRef = 792348D421429A87007903E1 /* ImageDetailViewController.swift */; };
		794C9D6B212D53D40034E77F /* AppDelegate.swift in Sources */ = {isa = PBXBuildFile; fileRef = 794C9D6A212D53D40034E77F /* AppDelegate.swift */; };
		794C9D6D212D53D40034E77F /* ImagesViewController.swift in Sources */ = {isa = PBXBuildFile; fileRef = 794C9D6C212D53D40034E77F /* ImagesViewController.swift */; };
		794C9D70212D53D40034E77F /* Main.storyboard in Resources */ = {isa = PBXBuildFile; fileRef = 794C9D6E212D53D40034E77F /* Main.storyboard */; };
		794C9D72212D53D50034E77F /* Assets.xcassets in Resources */ = {isa = PBXBuildFile; fileRef = 794C9D71212D53D50034E77F /* Assets.xcassets */; };
		794C9D75212D53D50034E77F /* LaunchScreen.storyboard in Resources */ = {isa = PBXBuildFile; fileRef = 794C9D73212D53D50034E77F /* LaunchScreen.storyboard */; };
		794C9D7F212D61000034E77F /* ImageTableViewCell.swift in Sources */ = {isa = PBXBuildFile; fileRef = 794C9D7E212D61000034E77F /* ImageTableViewCell.swift */; };
		7954593D214BF8F4004191EE /* DetailImage.storyboard in Resources */ = {isa = PBXBuildFile; fileRef = 7954593C214BF8F4004191EE /* DetailImage.storyboard */; };
		795B8B7B212D815A00E18F16 /* ImageCollectionViewCell.swift in Sources */ = {isa = PBXBuildFile; fileRef = 795B8B7A212D815A00E18F16 /* ImageCollectionViewCell.swift */; };
		7967344D2133F120008AC1DA /* ImageData.swift in Sources */ = {isa = PBXBuildFile; fileRef = 7967344C2133F120008AC1DA /* ImageData.swift */; };
		797E9739212D9B2F0016985D /* FlickrKitHelper.swift in Sources */ = {isa = PBXBuildFile; fileRef = 797E9738212D9B2F0016985D /* FlickrKitHelper.swift */; };
		798EF883215CF98D0060452C /* ShadowView.swift in Sources */ = {isa = PBXBuildFile; fileRef = 798EF882215CF98D0060452C /* ShadowView.swift */; };
		79A58B122182101300A10DDD /* FavoriteImages.storyboard in Resources */ = {isa = PBXBuildFile; fileRef = 79A58B112182101300A10DDD /* FavoriteImages.storyboard */; };
		79A58B142182110000A10DDD /* FavoriteImagesViewController.swift in Sources */ = {isa = PBXBuildFile; fileRef = 79A58B132182110000A10DDD /* FavoriteImagesViewController.swift */; };
		79A58B162182122900A10DDD /* FavoriteImageTableViewCell.swift in Sources */ = {isa = PBXBuildFile; fileRef = 79A58B152182122900A10DDD /* FavoriteImageTableViewCell.swift */; };
		79A58B192183660200A10DDD /* UserDefaultsManager.swift in Sources */ = {isa = PBXBuildFile; fileRef = 79A58B182183660200A10DDD /* UserDefaultsManager.swift */; };
		79C1563C212EE53F00E486C1 /* CustomSectionHeaderView.swift in Sources */ = {isa = PBXBuildFile; fileRef = 79C1563B212EE53F00E486C1 /* CustomSectionHeaderView.swift */; };
		79D368C6213545DB007E14AE /* CustomSectionHeaderView.xib in Resources */ = {isa = PBXBuildFile; fileRef = 79D368C5213545DB007E14AE /* CustomSectionHeaderView.xib */; };
		79D368C8213577AD007E14AE /* ImageLoadHelper.swift in Sources */ = {isa = PBXBuildFile; fileRef = 79D368C7213577AD007E14AE /* ImageLoadHelper.swift */; };
		79DB8B6F21552A4400C0874B /* ImageViewController.storyboard in Resources */ = {isa = PBXBuildFile; fileRef = 79DB8B6E21552A4400C0874B /* ImageViewController.storyboard */; };
/* End PBXBuildFile section */

/* Begin PBXFileReference section */
		036CCFB8390B50C8A051E189 /* Pods-Images.release.xcconfig */ = {isa = PBXFileReference; includeInIndex = 1; lastKnownFileType = text.xcconfig; name = "Pods-Images.release.xcconfig"; path = "Pods/Target Support Files/Pods-Images/Pods-Images.release.xcconfig"; sourceTree = "<group>"; };
		1FB4E4296920BD7AF5821D8C /* Pods_Images.framework */ = {isa = PBXFileReference; explicitFileType = wrapper.framework; includeInIndex = 0; path = Pods_Images.framework; sourceTree = BUILT_PRODUCTS_DIR; };
		7915DF1A21786BC70094002B /* Extension.swift */ = {isa = PBXFileReference; lastKnownFileType = sourcecode.swift; path = Extension.swift; sourceTree = "<group>"; };
		792348D421429A87007903E1 /* ImageDetailViewController.swift */ = {isa = PBXFileReference; lastKnownFileType = sourcecode.swift; path = ImageDetailViewController.swift; sourceTree = "<group>"; };
		794C9D67212D53D40034E77F /* Images - iOS Application.app */ = {isa = PBXFileReference; explicitFileType = wrapper.application; includeInIndex = 0; path = "Images - iOS Application.app"; sourceTree = BUILT_PRODUCTS_DIR; };
		794C9D6A212D53D40034E77F /* AppDelegate.swift */ = {isa = PBXFileReference; lastKnownFileType = sourcecode.swift; path = AppDelegate.swift; sourceTree = "<group>"; };
		794C9D6C212D53D40034E77F /* ImagesViewController.swift */ = {isa = PBXFileReference; lastKnownFileType = sourcecode.swift; path = ImagesViewController.swift; sourceTree = "<group>"; };
		794C9D6F212D53D40034E77F /* Base */ = {isa = PBXFileReference; lastKnownFileType = file.storyboard; name = Base; path = Base.lproj/Main.storyboard; sourceTree = "<group>"; };
		794C9D71212D53D50034E77F /* Assets.xcassets */ = {isa = PBXFileReference; lastKnownFileType = folder.assetcatalog; path = Assets.xcassets; sourceTree = "<group>"; };
		794C9D74212D53D50034E77F /* Base */ = {isa = PBXFileReference; lastKnownFileType = file.storyboard; name = Base; path = Base.lproj/LaunchScreen.storyboard; sourceTree = "<group>"; };
		794C9D76212D53D50034E77F /* Info.plist */ = {isa = PBXFileReference; lastKnownFileType = text.plist.xml; path = Info.plist; sourceTree = "<group>"; };
		794C9D7E212D61000034E77F /* ImageTableViewCell.swift */ = {isa = PBXFileReference; lastKnownFileType = sourcecode.swift; path = ImageTableViewCell.swift; sourceTree = "<group>"; };
		7954593C214BF8F4004191EE /* DetailImage.storyboard */ = {isa = PBXFileReference; lastKnownFileType = file.storyboard; path = DetailImage.storyboard; sourceTree = "<group>"; };
		795B8B7A212D815A00E18F16 /* ImageCollectionViewCell.swift */ = {isa = PBXFileReference; lastKnownFileType = sourcecode.swift; path = ImageCollectionViewCell.swift; sourceTree = "<group>"; };
		7967344C2133F120008AC1DA /* ImageData.swift */ = {isa = PBXFileReference; lastKnownFileType = sourcecode.swift; path = ImageData.swift; sourceTree = "<group>"; };
		797E9738212D9B2F0016985D /* FlickrKitHelper.swift */ = {isa = PBXFileReference; lastKnownFileType = sourcecode.swift; path = FlickrKitHelper.swift; sourceTree = "<group>"; };
		798EF882215CF98D0060452C /* ShadowView.swift */ = {isa = PBXFileReference; lastKnownFileType = sourcecode.swift; path = ShadowView.swift; sourceTree = "<group>"; };
		79A58B112182101300A10DDD /* FavoriteImages.storyboard */ = {isa = PBXFileReference; lastKnownFileType = file.storyboard; path = FavoriteImages.storyboard; sourceTree = "<group>"; };
		79A58B132182110000A10DDD /* FavoriteImagesViewController.swift */ = {isa = PBXFileReference; lastKnownFileType = sourcecode.swift; path = FavoriteImagesViewController.swift; sourceTree = "<group>"; };
		79A58B152182122900A10DDD /* FavoriteImageTableViewCell.swift */ = {isa = PBXFileReference; lastKnownFileType = sourcecode.swift; path = FavoriteImageTableViewCell.swift; sourceTree = "<group>"; };
		79A58B182183660200A10DDD /* UserDefaultsManager.swift */ = {isa = PBXFileReference; lastKnownFileType = sourcecode.swift; path = UserDefaultsManager.swift; sourceTree = "<group>"; };
		79C1563B212EE53F00E486C1 /* CustomSectionHeaderView.swift */ = {isa = PBXFileReference; lastKnownFileType = sourcecode.swift; path = CustomSectionHeaderView.swift; sourceTree = "<group>"; };
		79D368C5213545DB007E14AE /* CustomSectionHeaderView.xib */ = {isa = PBXFileReference; lastKnownFileType = file.xib; path = CustomSectionHeaderView.xib; sourceTree = "<group>"; };
		79D368C7213577AD007E14AE /* ImageLoadHelper.swift */ = {isa = PBXFileReference; lastKnownFileType = sourcecode.swift; path = ImageLoadHelper.swift; sourceTree = "<group>"; };
		79DB8B6E21552A4400C0874B /* ImageViewController.storyboard */ = {isa = PBXFileReference; lastKnownFileType = file.storyboard; path = ImageViewController.storyboard; sourceTree = "<group>"; };
		FA443E1265A17EE96574F84D /* Pods-Images.debug.xcconfig */ = {isa = PBXFileReference; includeInIndex = 1; lastKnownFileType = text.xcconfig; name = "Pods-Images.debug.xcconfig"; path = "Pods/Target Support Files/Pods-Images/Pods-Images.debug.xcconfig"; sourceTree = "<group>"; };
/* End PBXFileReference section */

/* Begin PBXFrameworksBuildPhase section */
		794C9D64212D53D40034E77F /* Frameworks */ = {
			isa = PBXFrameworksBuildPhase;
			buildActionMask = 2147483647;
			files = (
				1FD230B41F723921EA3528C9 /* Pods_Images.framework in Frameworks */,
			);
			runOnlyForDeploymentPostprocessing = 0;
		};
/* End PBXFrameworksBuildPhase section */

/* Begin PBXGroup section */
		792348CE214024D0007903E1 /* Extensions */ = {
			isa = PBXGroup;
			children = (
				7915DF1A21786BC70094002B /* Extension.swift */,
			);
			path = Extensions;
			sourceTree = "<group>";
		};
		794C9D5E212D53D40034E77F = {
			isa = PBXGroup;
			children = (
				794C9D69212D53D40034E77F /* Images */,
				794C9D68212D53D40034E77F /* Products */,
				A68101B1848B4C8C311AA1E5 /* Pods */,
				84E220EB742BB4CD5DD8FB58 /* Frameworks */,
			);
			sourceTree = "<group>";
		};
		794C9D68212D53D40034E77F /* Products */ = {
			isa = PBXGroup;
			children = (
				794C9D67212D53D40034E77F /* Images - iOS Application.app */,
			);
			name = Products;
			sourceTree = "<group>";
		};
		794C9D69212D53D40034E77F /* Images */ = {
			isa = PBXGroup;
			children = (
				7967344E2133F13D008AC1DA /* Models */,
				7967344F2133F145008AC1DA /* Utilities */,
				794C9D7D212D60D70034E77F /* ViewControllers */,
				795B8B79212D804D00E18F16 /* Views */,
				792348CE214024D0007903E1 /* Extensions */,
				79545932214A8B36004191EE /* Storyboards */,
				794C9D7C212D60C70034E77F /* Supporting Files */,
			);
			path = Images;
			sourceTree = "<group>";
		};
		794C9D7C212D60C70034E77F /* Supporting Files */ = {
			isa = PBXGroup;
			children = (
				794C9D71212D53D50034E77F /* Assets.xcassets */,
				794C9D76212D53D50034E77F /* Info.plist */,
				794C9D6A212D53D40034E77F /* AppDelegate.swift */,
			);
			path = "Supporting Files";
			sourceTree = "<group>";
		};
		794C9D7D212D60D70034E77F /* ViewControllers */ = {
			isa = PBXGroup;
			children = (
				794C9D6C212D53D40034E77F /* ImagesViewController.swift */,
				792348D421429A87007903E1 /* ImageDetailViewController.swift */,
				79A58B132182110000A10DDD /* FavoriteImagesViewController.swift */,
			);
			path = ViewControllers;
			sourceTree = "<group>";
		};
		79545932214A8B36004191EE /* Storyboards */ = {
			isa = PBXGroup;
			children = (
				794C9D73212D53D50034E77F /* LaunchScreen.storyboard */,
				794C9D6E212D53D40034E77F /* Main.storyboard */,
				7954593C214BF8F4004191EE /* DetailImage.storyboard */,
				79DB8B6E21552A4400C0874B /* ImageViewController.storyboard */,
				79A58B112182101300A10DDD /* FavoriteImages.storyboard */,
			);
			path = Storyboards;
			sourceTree = "<group>";
		};
		795B8B79212D804D00E18F16 /* Views */ = {
			isa = PBXGroup;
			children = (
				79A58B17218331DC00A10DDD /* CustomSectionHeaderView */,
				794C9D7E212D61000034E77F /* ImageTableViewCell.swift */,
				79A58B152182122900A10DDD /* FavoriteImageTableViewCell.swift */,
				795B8B7A212D815A00E18F16 /* ImageCollectionViewCell.swift */,
				798EF882215CF98D0060452C /* ShadowView.swift */,
			);
			path = Views;
			sourceTree = "<group>";
		};
		7967344E2133F13D008AC1DA /* Models */ = {
			isa = PBXGroup;
			children = (
				7967344C2133F120008AC1DA /* ImageData.swift */,
			);
			path = Models;
			sourceTree = "<group>";
		};
		7967344F2133F145008AC1DA /* Utilities */ = {
			isa = PBXGroup;
			children = (
				797E9738212D9B2F0016985D /* FlickrKitHelper.swift */,
				79D368C7213577AD007E14AE /* ImageLoadHelper.swift */,
				79A58B182183660200A10DDD /* UserDefaultsManager.swift */,
			);
			path = Utilities;
			sourceTree = "<group>";
		};
		79A58B17218331DC00A10DDD /* CustomSectionHeaderView */ = {
			isa = PBXGroup;
			children = (
				79C1563B212EE53F00E486C1 /* CustomSectionHeaderView.swift */,
				79D368C5213545DB007E14AE /* CustomSectionHeaderView.xib */,
			);
			path = CustomSectionHeaderView;
			sourceTree = "<group>";
		};
		84E220EB742BB4CD5DD8FB58 /* Frameworks */ = {
			isa = PBXGroup;
			children = (
				1FB4E4296920BD7AF5821D8C /* Pods_Images.framework */,
			);
			name = Frameworks;
			sourceTree = "<group>";
		};
		A68101B1848B4C8C311AA1E5 /* Pods */ = {
			isa = PBXGroup;
			children = (
				FA443E1265A17EE96574F84D /* Pods-Images.debug.xcconfig */,
				036CCFB8390B50C8A051E189 /* Pods-Images.release.xcconfig */,
			);
			name = Pods;
			sourceTree = "<group>";
		};
/* End PBXGroup section */

/* Begin PBXNativeTarget section */
		794C9D66212D53D40034E77F /* Images - iOS Application */ = {
			isa = PBXNativeTarget;
			buildConfigurationList = 794C9D79212D53D50034E77F /* Build configuration list for PBXNativeTarget "Images - iOS Application" */;
			buildPhases = (
				4001CC2A501879A756807070 /* [CP] Check Pods Manifest.lock */,
				794C9D63212D53D40034E77F /* Sources */,
				794C9D64212D53D40034E77F /* Frameworks */,
				794C9D65212D53D40034E77F /* Resources */,
				AC285B0C0DEA974E1482A1C2 /* [CP] Embed Pods Frameworks */,
				79545936214B9558004191EE /* ShellScript */,
			);
			buildRules = (
			);
			dependencies = (
			);
			name = "Images - iOS Application";
			productName = Images;
			productReference = 794C9D67212D53D40034E77F /* Images - iOS Application.app */;
			productType = "com.apple.product-type.application";
		};
/* End PBXNativeTarget section */

/* Begin PBXProject section */
		794C9D5F212D53D40034E77F /* Project object */ = {
			isa = PBXProject;
			attributes = {
				LastSwiftUpdateCheck = 0940;
				LastUpgradeCheck = 0940;
				ORGANIZATIONNAME = "Oleksii  Kolomiets";
				TargetAttributes = {
					794C9D66212D53D40034E77F = {
						CreatedOnToolsVersion = 9.4.1;
						LastSwiftMigration = 1000;
						ProvisioningStyle = Automatic;
					};
				};
			};
			buildConfigurationList = 794C9D62212D53D40034E77F /* Build configuration list for PBXProject "Images" */;
			compatibilityVersion = "Xcode 8.0";
			developmentRegion = en;
			hasScannedForEncodings = 0;
			knownRegions = (
				en,
				Base,
			);
			mainGroup = 794C9D5E212D53D40034E77F;
			productRefGroup = 794C9D68212D53D40034E77F /* Products */;
			projectDirPath = "";
			projectRoot = "";
			targets = (
				794C9D66212D53D40034E77F /* Images - iOS Application */,
			);
		};
/* End PBXProject section */

/* Begin PBXResourcesBuildPhase section */
		794C9D65212D53D40034E77F /* Resources */ = {
			isa = PBXResourcesBuildPhase;
			buildActionMask = 2147483647;
			files = (
				7954593D214BF8F4004191EE /* DetailImage.storyboard in Resources */,
				79A58B122182101300A10DDD /* FavoriteImages.storyboard in Resources */,
				79D368C6213545DB007E14AE /* CustomSectionHeaderView.xib in Resources */,
				794C9D75212D53D50034E77F /* LaunchScreen.storyboard in Resources */,
				794C9D72212D53D50034E77F /* Assets.xcassets in Resources */,
				794C9D70212D53D40034E77F /* Main.storyboard in Resources */,
				79DB8B6F21552A4400C0874B /* ImageViewController.storyboard in Resources */,
			);
			runOnlyForDeploymentPostprocessing = 0;
		};
/* End PBXResourcesBuildPhase section */

/* Begin PBXShellScriptBuildPhase section */
		4001CC2A501879A756807070 /* [CP] Check Pods Manifest.lock */ = {
			isa = PBXShellScriptBuildPhase;
			buildActionMask = 12;
			files = (
			);
			inputPaths = (
				"${PODS_PODFILE_DIR_PATH}/Podfile.lock",
				"${PODS_ROOT}/Manifest.lock",
			);
			name = "[CP] Check Pods Manifest.lock";
			outputPaths = (
				"$(DERIVED_FILE_DIR)/Pods-Images-checkManifestLockResult.txt",
			);
			runOnlyForDeploymentPostprocessing = 0;
			shellPath = /bin/sh;
			shellScript = "diff \"${PODS_PODFILE_DIR_PATH}/Podfile.lock\" \"${PODS_ROOT}/Manifest.lock\" > /dev/null\nif [ $? != 0 ] ; then\n    # print error to STDERR\n    echo \"error: The sandbox is not in sync with the Podfile.lock. Run 'pod install' or update your CocoaPods installation.\" >&2\n    exit 1\nfi\n# This output is used by Xcode 'outputs' to avoid re-running this script phase.\necho \"SUCCESS\" > \"${SCRIPT_OUTPUT_FILE_0}\"\n\n";
			showEnvVarsInLog = 0;
		};
		79545936214B9558004191EE /* ShellScript */ = {
			isa = PBXShellScriptBuildPhase;
			buildActionMask = 2147483647;
			files = (
			);
			inputPaths = (
			);
			outputPaths = (
			);
			runOnlyForDeploymentPostprocessing = 0;
			shellPath = /bin/sh;
			shellScript = "KEYWORDS=\"TODO|FIXME|\\?\\?\\?:|\\!\\!\\!:\"\nfind \"${SRCROOT}\" \\( -name \"*.swift\" \\) -print0 | \\\nxargs -0 egrep --with-filename --line-number --only-matching \"($KEYWORDS).*\\$\" | \\\nperl -p -e \"s/($KEYWORDS)/ warning: \\$1/\"\n";
		};
		AC285B0C0DEA974E1482A1C2 /* [CP] Embed Pods Frameworks */ = {
			isa = PBXShellScriptBuildPhase;
			buildActionMask = 2147483647;
			files = (
			);
			inputPaths = (
				"${SRCROOT}/Pods/Target Support Files/Pods-Images/Pods-Images-frameworks.sh",
				"${BUILT_PRODUCTS_DIR}/FlickrKit/FlickrKit.framework",
			);
			name = "[CP] Embed Pods Frameworks";
			outputPaths = (
				"${TARGET_BUILD_DIR}/${FRAMEWORKS_FOLDER_PATH}/FlickrKit.framework",
			);
			runOnlyForDeploymentPostprocessing = 0;
			shellPath = /bin/sh;
			shellScript = "\"${SRCROOT}/Pods/Target Support Files/Pods-Images/Pods-Images-frameworks.sh\"\n";
			showEnvVarsInLog = 0;
		};
/* End PBXShellScriptBuildPhase section */

/* Begin PBXSourcesBuildPhase section */
		794C9D63212D53D40034E77F /* Sources */ = {
			isa = PBXSourcesBuildPhase;
			buildActionMask = 2147483647;
			files = (
				79A58B192183660200A10DDD /* UserDefaultsManager.swift in Sources */,
				798EF883215CF98D0060452C /* ShadowView.swift in Sources */,
				79A58B162182122900A10DDD /* FavoriteImageTableViewCell.swift in Sources */,
				7967344D2133F120008AC1DA /* ImageData.swift in Sources */,
				794C9D7F212D61000034E77F /* ImageTableViewCell.swift in Sources */,
				79C1563C212EE53F00E486C1 /* CustomSectionHeaderView.swift in Sources */,
				79D368C8213577AD007E14AE /* ImageLoadHelper.swift in Sources */,
				794C9D6D212D53D40034E77F /* ImagesViewController.swift in Sources */,
				79A58B142182110000A10DDD /* FavoriteImagesViewController.swift in Sources */,
				792348D521429A87007903E1 /* ImageDetailViewController.swift in Sources */,
				7915DF1B21786BC70094002B /* Extension.swift in Sources */,
				795B8B7B212D815A00E18F16 /* ImageCollectionViewCell.swift in Sources */,
				797E9739212D9B2F0016985D /* FlickrKitHelper.swift in Sources */,
				794C9D6B212D53D40034E77F /* AppDelegate.swift in Sources */,
			);
			runOnlyForDeploymentPostprocessing = 0;
		};
/* End PBXSourcesBuildPhase section */

/* Begin PBXVariantGroup section */
		794C9D6E212D53D40034E77F /* Main.storyboard */ = {
			isa = PBXVariantGroup;
			children = (
				794C9D6F212D53D40034E77F /* Base */,
			);
			name = Main.storyboard;
			sourceTree = "<group>";
		};
		794C9D73212D53D50034E77F /* LaunchScreen.storyboard */ = {
			isa = PBXVariantGroup;
			children = (
				794C9D74212D53D50034E77F /* Base */,
			);
			name = LaunchScreen.storyboard;
			sourceTree = "<group>";
		};
/* End PBXVariantGroup section */

/* Begin XCBuildConfiguration section */
		794C9D77212D53D50034E77F /* Debug */ = {
			isa = XCBuildConfiguration;
			buildSettings = {
				ALWAYS_SEARCH_USER_PATHS = NO;
				CLANG_ANALYZER_NONNULL = YES;
				CLANG_ANALYZER_NUMBER_OBJECT_CONVERSION = YES_AGGRESSIVE;
				CLANG_CXX_LANGUAGE_STANDARD = "gnu++14";
				CLANG_CXX_LIBRARY = "libc++";
				CLANG_ENABLE_MODULES = YES;
				CLANG_ENABLE_OBJC_ARC = YES;
				CLANG_ENABLE_OBJC_WEAK = YES;
				CLANG_WARN_BLOCK_CAPTURE_AUTORELEASING = YES;
				CLANG_WARN_BOOL_CONVERSION = YES;
				CLANG_WARN_COMMA = YES;
				CLANG_WARN_CONSTANT_CONVERSION = YES;
				CLANG_WARN_DEPRECATED_OBJC_IMPLEMENTATIONS = YES;
				CLANG_WARN_DIRECT_OBJC_ISA_USAGE = YES_ERROR;
				CLANG_WARN_DOCUMENTATION_COMMENTS = YES;
				CLANG_WARN_EMPTY_BODY = YES;
				CLANG_WARN_ENUM_CONVERSION = YES;
				CLANG_WARN_INFINITE_RECURSION = YES;
				CLANG_WARN_INT_CONVERSION = YES;
				CLANG_WARN_NON_LITERAL_NULL_CONVERSION = YES;
				CLANG_WARN_OBJC_IMPLICIT_RETAIN_SELF = YES;
				CLANG_WARN_OBJC_LITERAL_CONVERSION = YES;
				CLANG_WARN_OBJC_ROOT_CLASS = YES_ERROR;
				CLANG_WARN_RANGE_LOOP_ANALYSIS = YES;
				CLANG_WARN_STRICT_PROTOTYPES = YES;
				CLANG_WARN_SUSPICIOUS_MOVE = YES;
				CLANG_WARN_UNGUARDED_AVAILABILITY = YES_AGGRESSIVE;
				CLANG_WARN_UNREACHABLE_CODE = YES;
				CLANG_WARN__DUPLICATE_METHOD_MATCH = YES;
				CODE_SIGN_IDENTITY = "iPhone Developer";
				COPY_PHASE_STRIP = NO;
				DEBUG_INFORMATION_FORMAT = dwarf;
				ENABLE_STRICT_OBJC_MSGSEND = YES;
				ENABLE_TESTABILITY = YES;
				GCC_C_LANGUAGE_STANDARD = gnu11;
				GCC_DYNAMIC_NO_PIC = NO;
				GCC_NO_COMMON_BLOCKS = YES;
				GCC_OPTIMIZATION_LEVEL = 0;
				GCC_PREPROCESSOR_DEFINITIONS = (
					"DEBUG=1",
					"$(inherited)",
				);
				GCC_WARN_64_TO_32_BIT_CONVERSION = YES;
				GCC_WARN_ABOUT_RETURN_TYPE = YES_ERROR;
				GCC_WARN_UNDECLARED_SELECTOR = YES;
				GCC_WARN_UNINITIALIZED_AUTOS = YES_AGGRESSIVE;
				GCC_WARN_UNUSED_FUNCTION = YES;
				GCC_WARN_UNUSED_VARIABLE = YES;
				IPHONEOS_DEPLOYMENT_TARGET = 11.4;
				MTL_ENABLE_DEBUG_INFO = YES;
				ONLY_ACTIVE_ARCH = YES;
				SDKROOT = iphoneos;
				SWIFT_ACTIVE_COMPILATION_CONDITIONS = DEBUG;
				SWIFT_OPTIMIZATION_LEVEL = "-Onone";
			};
			name = Debug;
		};
		794C9D78212D53D50034E77F /* Release */ = {
			isa = XCBuildConfiguration;
			buildSettings = {
				ALWAYS_SEARCH_USER_PATHS = NO;
				CLANG_ANALYZER_NONNULL = YES;
				CLANG_ANALYZER_NUMBER_OBJECT_CONVERSION = YES_AGGRESSIVE;
				CLANG_CXX_LANGUAGE_STANDARD = "gnu++14";
				CLANG_CXX_LIBRARY = "libc++";
				CLANG_ENABLE_MODULES = YES;
				CLANG_ENABLE_OBJC_ARC = YES;
				CLANG_ENABLE_OBJC_WEAK = YES;
				CLANG_WARN_BLOCK_CAPTURE_AUTORELEASING = YES;
				CLANG_WARN_BOOL_CONVERSION = YES;
				CLANG_WARN_COMMA = YES;
				CLANG_WARN_CONSTANT_CONVERSION = YES;
				CLANG_WARN_DEPRECATED_OBJC_IMPLEMENTATIONS = YES;
				CLANG_WARN_DIRECT_OBJC_ISA_USAGE = YES_ERROR;
				CLANG_WARN_DOCUMENTATION_COMMENTS = YES;
				CLANG_WARN_EMPTY_BODY = YES;
				CLANG_WARN_ENUM_CONVERSION = YES;
				CLANG_WARN_INFINITE_RECURSION = YES;
				CLANG_WARN_INT_CONVERSION = YES;
				CLANG_WARN_NON_LITERAL_NULL_CONVERSION = YES;
				CLANG_WARN_OBJC_IMPLICIT_RETAIN_SELF = YES;
				CLANG_WARN_OBJC_LITERAL_CONVERSION = YES;
				CLANG_WARN_OBJC_ROOT_CLASS = YES_ERROR;
				CLANG_WARN_RANGE_LOOP_ANALYSIS = YES;
				CLANG_WARN_STRICT_PROTOTYPES = YES;
				CLANG_WARN_SUSPICIOUS_MOVE = YES;
				CLANG_WARN_UNGUARDED_AVAILABILITY = YES_AGGRESSIVE;
				CLANG_WARN_UNREACHABLE_CODE = YES;
				CLANG_WARN__DUPLICATE_METHOD_MATCH = YES;
				CODE_SIGN_IDENTITY = "iPhone Developer";
				COPY_PHASE_STRIP = NO;
				DEBUG_INFORMATION_FORMAT = "dwarf-with-dsym";
				ENABLE_NS_ASSERTIONS = NO;
				ENABLE_STRICT_OBJC_MSGSEND = YES;
				GCC_C_LANGUAGE_STANDARD = gnu11;
				GCC_NO_COMMON_BLOCKS = YES;
				GCC_WARN_64_TO_32_BIT_CONVERSION = YES;
				GCC_WARN_ABOUT_RETURN_TYPE = YES_ERROR;
				GCC_WARN_UNDECLARED_SELECTOR = YES;
				GCC_WARN_UNINITIALIZED_AUTOS = YES_AGGRESSIVE;
				GCC_WARN_UNUSED_FUNCTION = YES;
				GCC_WARN_UNUSED_VARIABLE = YES;
				IPHONEOS_DEPLOYMENT_TARGET = 11.4;
				MTL_ENABLE_DEBUG_INFO = NO;
				SDKROOT = iphoneos;
				SWIFT_OPTIMIZATION_LEVEL = "-Owholemodule";
				VALIDATE_PRODUCT = YES;
			};
			name = Release;
		};
		794C9D7A212D53D50034E77F /* Debug */ = {
			isa = XCBuildConfiguration;
			baseConfigurationReference = FA443E1265A17EE96574F84D /* Pods-Images.debug.xcconfig */;
			buildSettings = {
				ASSETCATALOG_COMPILER_APPICON_NAME = AppIcon;
				CODE_SIGN_STYLE = Automatic;
				DEVELOPMENT_TEAM = MAY262PPKP;
				INFOPLIST_FILE = "$(SRCROOT)/Images/Supporting Files/Info.plist";
				LD_RUNPATH_SEARCH_PATHS = "$(inherited) @executable_path/Frameworks";
				PRODUCT_BUNDLE_IDENTIFIER = com.flickr.images;
				PRODUCT_NAME = "$(TARGET_NAME)";
				SWIFT_VERSION = 4.2;
				TARGETED_DEVICE_FAMILY = 1;
			};
			name = Debug;
		};
		794C9D7B212D53D50034E77F /* Release */ = {
			isa = XCBuildConfiguration;
			baseConfigurationReference = 036CCFB8390B50C8A051E189 /* Pods-Images.release.xcconfig */;
			buildSettings = {
				ASSETCATALOG_COMPILER_APPICON_NAME = AppIcon;
				CODE_SIGN_STYLE = Automatic;
				DEVELOPMENT_TEAM = MAY262PPKP;
				INFOPLIST_FILE = "$(SRCROOT)/Images/Supporting Files/Info.plist";
				LD_RUNPATH_SEARCH_PATHS = "$(inherited) @executable_path/Frameworks";
				PRODUCT_BUNDLE_IDENTIFIER = com.flickr.images;
				PRODUCT_NAME = "$(TARGET_NAME)";
				SWIFT_VERSION = 4.2;
				TARGETED_DEVICE_FAMILY = 1;
			};
			name = Release;
		};
/* End XCBuildConfiguration section */

/* Begin XCConfigurationList section */
		794C9D62212D53D40034E77F /* Build configuration list for PBXProject "Images" */ = {
			isa = XCConfigurationList;
			buildConfigurations = (
				794C9D77212D53D50034E77F /* Debug */,
				794C9D78212D53D50034E77F /* Release */,
			);
			defaultConfigurationIsVisible = 0;
			defaultConfigurationName = Release;
		};
		794C9D79212D53D50034E77F /* Build configuration list for PBXNativeTarget "Images - iOS Application" */ = {
			isa = XCConfigurationList;
			buildConfigurations = (
				794C9D7A212D53D50034E77F /* Debug */,
				794C9D7B212D53D50034E77F /* Release */,
			);
			defaultConfigurationIsVisible = 0;
			defaultConfigurationName = Release;
		};
/* End XCConfigurationList section */
	};
	rootObject = 794C9D5F212D53D40034E77F /* Project object */;
}
